// !$*UTF8*$!
{
	archiveVersion = 1;
	classes = {
	};
	objectVersion = 77;
	objects = {

/* Begin PBXBuildFile section */
		7815CD952DCE0F7C000617A1 /* libhexen.dylib in Frameworks */ = {isa = PBXBuildFile; fileRef = 7815CD662DCE0DC7000617A1 /* libhexen.dylib */; };
		785D12BC2DB8E85000567DFE /* libSDL2-2.0.0.dylib in CopyFiles */ = {isa = PBXBuildFile; fileRef = 785D12BB2DB8E83F00567DFE /* libSDL2-2.0.0.dylib */; settings = {ATTRIBUTES = (CodeSignOnCopy, ); }; };
		78F688BE2F17940200FFD6E9 /* libdesktop.dylib in Frameworks */ = {isa = PBXBuildFile; fileRef = 78F688AC2F1793CB00FFD6E9 /* libdesktop.dylib */; };
/* End PBXBuildFile section */

/* Begin PBXCopyFilesBuildPhase section */
		785D12A72DB8DDF300567DFE /* CopyFiles */ = {
			isa = PBXCopyFilesBuildPhase;
			buildActionMask = 12;
			dstPath = "";
			dstSubfolderSpec = 10;
			files = (
				785D12BC2DB8E85000567DFE /* libSDL2-2.0.0.dylib in CopyFiles */,
			);
			runOnlyForDeploymentPostprocessing = 0;
		};
/* End PBXCopyFilesBuildPhase section */

/* Begin PBXFileReference section */
		7815CD462DCE0CA6000617A1 /* libdoom.dylib */ = {isa = PBXFileReference; explicitFileType = "compiled.mach-o.dylib"; includeInIndex = 0; path = libdoom.dylib; sourceTree = BUILT_PRODUCTS_DIR; };
		7815CD662DCE0DC7000617A1 /* libhexen.dylib */ = {isa = PBXFileReference; explicitFileType = "compiled.mach-o.dylib"; includeInIndex = 0; path = libhexen.dylib; sourceTree = BUILT_PRODUCTS_DIR; };
		785D12A92DB8DDF300567DFE /* mapview */ = {isa = PBXFileReference; explicitFileType = "compiled.mach-o.executable"; includeInIndex = 0; path = mapview; sourceTree = BUILT_PRODUCTS_DIR; };
		785D12BB2DB8E83F00567DFE /* libSDL2-2.0.0.dylib */ = {isa = PBXFileReference; lastKnownFileType = "compiled.mach-o.dylib"; path = "libSDL2-2.0.0.dylib"; sourceTree = "<group>"; };
		78F688AC2F1793CB00FFD6E9 /* libdesktop.dylib */ = {isa = PBXFileReference; explicitFileType = "compiled.mach-o.dylib"; includeInIndex = 0; path = libdesktop.dylib; sourceTree = BUILT_PRODUCTS_DIR; };
/* End PBXFileReference section */

/* Begin PBXFileSystemSynchronizedBuildFileExceptionSet section */
		7815CD5A2DCE0CBC000617A1 /* Exceptions for "doom" folder in "doom" target */ = {
			isa = PBXFileSystemSynchronizedBuildFileExceptionSet;
			membershipExceptions = (
				actions.c,
				d_englsh.h,
				d_think.h,
				hu_stuff.c,
				info.c,
				info.h,
				m_fixed.h,
				p_mobj.h,
				sounds.h,
			);
			target = 7815CD452DCE0CA6000617A1 /* doom */;
		};
		7815CD5B2DCE0CE7000617A1 /* Exceptions for "doom" folder in "mapview" target */ = {
			isa = PBXFileSystemSynchronizedBuildFileExceptionSet;
			membershipExceptions = (
				actions.c,
				hu_stuff.c,
				info.c,
			);
			target = 785D12A82DB8DDF300567DFE /* mapview */;
		};
		78F688A42F16EBEC00FFD6E9 /* Exceptions for "ui" folder in "mapview" target */ = {
			isa = PBXFileSystemSynchronizedBuildFileExceptionSet;
			membershipExceptions = (
				commctl/button.c,
				commctl/checkbox.c,
				commctl/combobox.c,
				commctl/console.c,
				commctl/edit.c,
				commctl/label.c,
				commctl/list.c,
				examples/helloworld.c,
				kernel/event.c,
				kernel/init.c,
				kernel/joystick.c,
				user/draw_impl.c,
				user/message.c,
				user/text.c,
				user/window.c,
			);
			target = 785D12A82DB8DDF300567DFE /* mapview */;
		};
		78F688BD2F1793F800FFD6E9 /* Exceptions for "ui" folder in "desktop" target */ = {
			isa = PBXFileSystemSynchronizedBuildFileExceptionSet;
			membershipExceptions = (
				commctl/button.c,
				commctl/checkbox.c,
				commctl/combobox.c,
				commctl/console.c,
				commctl/edit.c,
				commctl/label.c,
				commctl/list.c,
				kernel/event.c,
				kernel/init.c,
				kernel/joystick.c,
				user/draw_impl.c,
				user/message.c,
				user/text.c,
				user/window.c,
			);
			target = 78F688AB2F1793CB00FFD6E9 /* desktop */;
		};
/* End PBXFileSystemSynchronizedBuildFileExceptionSet section */

/* Begin PBXFileSystemSynchronizedRootGroup section */
		7815CD532DCE0CAA000617A1 /* doom */ = {
			isa = PBXFileSystemSynchronizedRootGroup;
			exceptions = (
				7815CD5B2DCE0CE7000617A1 /* Exceptions for "doom" folder in "mapview" target */,
				7815CD5A2DCE0CBC000617A1 /* Exceptions for "doom" folder in "doom" target */,
			);
			path = doom;
			sourceTree = "<group>";
		};
		7815CD892DCE0E20000617A1 /* hexen */ = {
			isa = PBXFileSystemSynchronizedRootGroup;
			path = hexen;
			sourceTree = "<group>";
		};
		785D12AB2DB8DDF300567DFE /* mapview */ = {
			isa = PBXFileSystemSynchronizedRootGroup;
			path = mapview;
			sourceTree = "<group>";
		};
		78F688952F16E59000FFD6E9 /* ui */ = {
			isa = PBXFileSystemSynchronizedRootGroup;
			exceptions = (
				78F688A42F16EBEC00FFD6E9 /* Exceptions for "ui" folder in "mapview" target */,
				78F688BD2F1793F800FFD6E9 /* Exceptions for "ui" folder in "desktop" target */,
			);
			path = ui;
			sourceTree = "<group>";
		};
/* End PBXFileSystemSynchronizedRootGroup section */

/* Begin PBXFrameworksBuildPhase section */
		7815CD442DCE0CA6000617A1 /* Frameworks */ = {
			isa = PBXFrameworksBuildPhase;
			buildActionMask = 2147483647;
			files = (
			);
			runOnlyForDeploymentPostprocessing = 0;
		};
		7815CD622DCE0DC7000617A1 /* Frameworks */ = {
			isa = PBXFrameworksBuildPhase;
			buildActionMask = 2147483647;
			files = (
			);
			runOnlyForDeploymentPostprocessing = 0;
		};
		785D12A62DB8DDF300567DFE /* Frameworks */ = {
			isa = PBXFrameworksBuildPhase;
			buildActionMask = 2147483647;
			files = (
				78F688BE2F17940200FFD6E9 /* libdesktop.dylib in Frameworks */,
				7815CD952DCE0F7C000617A1 /* libhexen.dylib in Frameworks */,
			);
			runOnlyForDeploymentPostprocessing = 0;
		};
		78F688AA2F1793CB00FFD6E9 /* Frameworks */ = {
			isa = PBXFrameworksBuildPhase;
			buildActionMask = 2147483647;
			files = (
			);
			runOnlyForDeploymentPostprocessing = 0;
		};
/* End PBXFrameworksBuildPhase section */

/* Begin PBXGroup section */
		785D12A02DB8DDF300567DFE = {
			isa = PBXGroup;
			children = (
				78F688952F16E59000FFD6E9 /* ui */,
				7815CD892DCE0E20000617A1 /* hexen */,
				785D12AB2DB8DDF300567DFE /* mapview */,
				785D12B62DB8E4D600567DFE /* Frameworks */,
				785D12AA2DB8DDF300567DFE /* Products */,
				7815CD532DCE0CAA000617A1 /* doom */,
			);
			sourceTree = "<group>";
		};
		785D12AA2DB8DDF300567DFE /* Products */ = {
			isa = PBXGroup;
			children = (
				785D12A92DB8DDF300567DFE /* mapview */,
				7815CD462DCE0CA6000617A1 /* libdoom.dylib */,
				7815CD662DCE0DC7000617A1 /* libhexen.dylib */,
				78F688AC2F1793CB00FFD6E9 /* libdesktop.dylib */,
			);
			name = Products;
			sourceTree = "<group>";
		};
		785D12B62DB8E4D600567DFE /* Frameworks */ = {
			isa = PBXGroup;
			children = (
				785D12BB2DB8E83F00567DFE /* libSDL2-2.0.0.dylib */,
			);
			name = Frameworks;
			sourceTree = "<group>";
		};
/* End PBXGroup section */

/* Begin PBXHeadersBuildPhase section */
		7815CD422DCE0CA6000617A1 /* Headers */ = {
			isa = PBXHeadersBuildPhase;
			buildActionMask = 2147483647;
			files = (
			);
			runOnlyForDeploymentPostprocessing = 0;
		};
		7815CD602DCE0DC7000617A1 /* Headers */ = {
			isa = PBXHeadersBuildPhase;
			buildActionMask = 2147483647;
			files = (
			);
			runOnlyForDeploymentPostprocessing = 0;
		};
		78F688A82F1793CB00FFD6E9 /* Headers */ = {
			isa = PBXHeadersBuildPhase;
			buildActionMask = 2147483647;
			files = (
			);
			runOnlyForDeploymentPostprocessing = 0;
		};
/* End PBXHeadersBuildPhase section */

/* Begin PBXNativeTarget section */
		7815CD452DCE0CA6000617A1 /* doom */ = {
			isa = PBXNativeTarget;
			buildConfigurationList = 7815CD472DCE0CA6000617A1 /* Build configuration list for PBXNativeTarget "doom" */;
			buildPhases = (
				7815CD422DCE0CA6000617A1 /* Headers */,
				7815CD432DCE0CA6000617A1 /* Sources */,
				7815CD442DCE0CA6000617A1 /* Frameworks */,
			);
			buildRules = (
			);
			dependencies = (
			);
			name = doom;
			packageProductDependencies = (
			);
			productName = doom;
			productReference = 7815CD462DCE0CA6000617A1 /* libdoom.dylib */;
			productType = "com.apple.product-type.library.dynamic";
		};
		7815CD5F2DCE0DC7000617A1 /* hexen */ = {
			isa = PBXNativeTarget;
			buildConfigurationList = 7815CD632DCE0DC7000617A1 /* Build configuration list for PBXNativeTarget "hexen" */;
			buildPhases = (
				7815CD602DCE0DC7000617A1 /* Headers */,
				7815CD612DCE0DC7000617A1 /* Sources */,
				7815CD622DCE0DC7000617A1 /* Frameworks */,
			);
			buildRules = (
			);
			dependencies = (
			);
			fileSystemSynchronizedGroups = (
				7815CD892DCE0E20000617A1 /* hexen */,
			);
			name = hexen;
			packageProductDependencies = (
			);
			productName = doom;
			productReference = 7815CD662DCE0DC7000617A1 /* libhexen.dylib */;
			productType = "com.apple.product-type.library.dynamic";
		};
		785D12A82DB8DDF300567DFE /* mapview */ = {
			isa = PBXNativeTarget;
			buildConfigurationList = 785D12B02DB8DDF300567DFE /* Build configuration list for PBXNativeTarget "mapview" */;
			buildPhases = (
				785D12A52DB8DDF300567DFE /* Sources */,
				785D12A62DB8DDF300567DFE /* Frameworks */,
				785D12A72DB8DDF300567DFE /* CopyFiles */,
			);
			buildRules = (
			);
			dependencies = (
			);
			fileSystemSynchronizedGroups = (
				7815CD532DCE0CAA000617A1 /* doom */,
				785D12AB2DB8DDF300567DFE /* mapview */,
				78F688952F16E59000FFD6E9 /* ui */,
			);
			name = mapview;
			packageProductDependencies = (
			);
			productName = mapview;
			productReference = 785D12A92DB8DDF300567DFE /* mapview */;
			productType = "com.apple.product-type.tool";
		};
		78F688AB2F1793CB00FFD6E9 /* desktop */ = {
			isa = PBXNativeTarget;
			buildConfigurationList = 78F688AD2F1793CB00FFD6E9 /* Build configuration list for PBXNativeTarget "desktop" */;
			buildPhases = (
				78F688A82F1793CB00FFD6E9 /* Headers */,
				78F688A92F1793CB00FFD6E9 /* Sources */,
				78F688AA2F1793CB00FFD6E9 /* Frameworks */,
			);
			buildRules = (
			);
			dependencies = (
			);
			name = desktop;
			packageProductDependencies = (
			);
			productName = desktop;
			productReference = 78F688AC2F1793CB00FFD6E9 /* libdesktop.dylib */;
			productType = "com.apple.product-type.library.dynamic";
		};
/* End PBXNativeTarget section */

/* Begin PBXProject section */
		785D12A12DB8DDF300567DFE /* Project object */ = {
			isa = PBXProject;
			attributes = {
				BuildIndependentTargetsInParallel = 1;
				LastUpgradeCheck = 1630;
				TargetAttributes = {
					7815CD452DCE0CA6000617A1 = {
						CreatedOnToolsVersion = 16.3;
					};
					785D12A82DB8DDF300567DFE = {
						CreatedOnToolsVersion = 16.3;
					};
					78F688AB2F1793CB00FFD6E9 = {
						CreatedOnToolsVersion = 26.2;
					};
				};
			};
			buildConfigurationList = 785D12A42DB8DDF300567DFE /* Build configuration list for PBXProject "mapview" */;
			developmentRegion = en;
			hasScannedForEncodings = 0;
			knownRegions = (
				en,
				Base,
			);
			mainGroup = 785D12A02DB8DDF300567DFE;
			minimizedProjectReferenceProxies = 1;
			preferredProjectObjectVersion = 77;
			productRefGroup = 785D12AA2DB8DDF300567DFE /* Products */;
			projectDirPath = "";
			projectRoot = "";
			targets = (
				785D12A82DB8DDF300567DFE /* mapview */,
				7815CD452DCE0CA6000617A1 /* doom */,
				7815CD5F2DCE0DC7000617A1 /* hexen */,
				78F688AB2F1793CB00FFD6E9 /* desktop */,
			);
		};
/* End PBXProject section */

/* Begin PBXSourcesBuildPhase section */
		7815CD432DCE0CA6000617A1 /* Sources */ = {
			isa = PBXSourcesBuildPhase;
			buildActionMask = 2147483647;
			files = (
			);
			runOnlyForDeploymentPostprocessing = 0;
		};
		7815CD612DCE0DC7000617A1 /* Sources */ = {
			isa = PBXSourcesBuildPhase;
			buildActionMask = 2147483647;
			files = (
			);
			runOnlyForDeploymentPostprocessing = 0;
		};
		785D12A52DB8DDF300567DFE /* Sources */ = {
			isa = PBXSourcesBuildPhase;
			buildActionMask = 2147483647;
			files = (
			);
			runOnlyForDeploymentPostprocessing = 0;
		};
		78F688A92F1793CB00FFD6E9 /* Sources */ = {
			isa = PBXSourcesBuildPhase;
			buildActionMask = 2147483647;
			files = (
			);
			runOnlyForDeploymentPostprocessing = 0;
		};
/* End PBXSourcesBuildPhase section */

/* Begin XCBuildConfiguration section */
		7815CD482DCE0CA6000617A1 /* Debug */ = {
			isa = XCBuildConfiguration;
			buildSettings = {
				CODE_SIGN_STYLE = Automatic;
				DEVELOPMENT_TEAM = BM2R8F5YHC;
				DYLIB_COMPATIBILITY_VERSION = 1;
				DYLIB_CURRENT_VERSION = 1;
				EXECUTABLE_PREFIX = lib;
				GCC_PREPROCESSOR_DEFINITIONS = (
					"DEBUG=1",
					"$(inherited)",
				);
				PRODUCT_NAME = "$(TARGET_NAME)";
				SKIP_INSTALL = YES;
			};
			name = Debug;
		};
		7815CD492DCE0CA6000617A1 /* Release */ = {
			isa = XCBuildConfiguration;
			buildSettings = {
				CODE_SIGN_STYLE = Automatic;
				DEVELOPMENT_TEAM = BM2R8F5YHC;
				DYLIB_COMPATIBILITY_VERSION = 1;
				DYLIB_CURRENT_VERSION = 1;
				EXECUTABLE_PREFIX = lib;
				PRODUCT_NAME = "$(TARGET_NAME)";
				SKIP_INSTALL = YES;
			};
			name = Release;
		};
		7815CD642DCE0DC7000617A1 /* Debug */ = {
			isa = XCBuildConfiguration;
			buildSettings = {
				CODE_SIGN_STYLE = Automatic;
				DEVELOPMENT_TEAM = BM2R8F5YHC;
				DYLIB_COMPATIBILITY_VERSION = 1;
				DYLIB_CURRENT_VERSION = 1;
				EXECUTABLE_PREFIX = lib;
				GCC_PREPROCESSOR_DEFINITIONS = (
					"DEBUG=1",
					"$(inherited)",
				);
				PRODUCT_NAME = "$(TARGET_NAME)";
				SKIP_INSTALL = YES;
			};
			name = Debug;
		};
		7815CD652DCE0DC7000617A1 /* Release */ = {
			isa = XCBuildConfiguration;
			buildSettings = {
				CODE_SIGN_STYLE = Automatic;
				DEVELOPMENT_TEAM = BM2R8F5YHC;
				DYLIB_COMPATIBILITY_VERSION = 1;
				DYLIB_CURRENT_VERSION = 1;
				EXECUTABLE_PREFIX = lib;
				PRODUCT_NAME = "$(TARGET_NAME)";
				SKIP_INSTALL = YES;
			};
			name = Release;
		};
		785D12AE2DB8DDF300567DFE /* Debug */ = {
			isa = XCBuildConfiguration;
			buildSettings = {
				ALWAYS_SEARCH_USER_PATHS = NO;
				ASSETCATALOG_COMPILER_GENERATE_SWIFT_ASSET_SYMBOL_EXTENSIONS = YES;
				CLANG_ANALYZER_NONNULL = YES;
				CLANG_ANALYZER_NUMBER_OBJECT_CONVERSION = YES_AGGRESSIVE;
				CLANG_CXX_LANGUAGE_STANDARD = "gnu++20";
				CLANG_ENABLE_MODULES = YES;
				CLANG_ENABLE_OBJC_ARC = YES;
				CLANG_ENABLE_OBJC_WEAK = YES;
				CLANG_WARN_BLOCK_CAPTURE_AUTORELEASING = YES;
				CLANG_WARN_BOOL_CONVERSION = YES;
				CLANG_WARN_COMMA = YES;
				CLANG_WARN_CONSTANT_CONVERSION = YES;
				CLANG_WARN_DEPRECATED_OBJC_IMPLEMENTATIONS = YES;
				CLANG_WARN_DIRECT_OBJC_ISA_USAGE = YES_ERROR;
				CLANG_WARN_DOCUMENTATION_COMMENTS = YES;
				CLANG_WARN_EMPTY_BODY = YES;
				CLANG_WARN_ENUM_CONVERSION = YES;
				CLANG_WARN_INFINITE_RECURSION = YES;
				CLANG_WARN_INT_CONVERSION = YES;
				CLANG_WARN_NON_LITERAL_NULL_CONVERSION = YES;
				CLANG_WARN_OBJC_IMPLICIT_RETAIN_SELF = YES;
				CLANG_WARN_OBJC_LITERAL_CONVERSION = YES;
				CLANG_WARN_OBJC_ROOT_CLASS = YES_ERROR;
				CLANG_WARN_QUOTED_INCLUDE_IN_FRAMEWORK_HEADER = YES;
				CLANG_WARN_RANGE_LOOP_ANALYSIS = YES;
				CLANG_WARN_STRICT_PROTOTYPES = YES;
				CLANG_WARN_SUSPICIOUS_MOVE = YES;
				CLANG_WARN_UNGUARDED_AVAILABILITY = YES_AGGRESSIVE;
				CLANG_WARN_UNREACHABLE_CODE = YES;
				CLANG_WARN__DUPLICATE_METHOD_MATCH = YES;
				COPY_PHASE_STRIP = NO;
				DEBUG_INFORMATION_FORMAT = dwarf;
				DEVELOPMENT_TEAM = BM2R8F5YHC;
				ENABLE_STRICT_OBJC_MSGSEND = YES;
				ENABLE_TESTABILITY = YES;
				ENABLE_USER_SCRIPT_SANDBOXING = YES;
				GCC_C_LANGUAGE_STANDARD = gnu17;
				GCC_DYNAMIC_NO_PIC = NO;
				GCC_NO_COMMON_BLOCKS = YES;
				GCC_OPTIMIZATION_LEVEL = 0;
				GCC_PREPROCESSOR_DEFINITIONS = (
					"DEBUG=1",
					"$(inherited)",
					GL_SILENCE_DEPRECATION,
				);
				GCC_WARN_64_TO_32_BIT_CONVERSION = YES;
				GCC_WARN_ABOUT_RETURN_TYPE = YES_ERROR;
				GCC_WARN_UNDECLARED_SELECTOR = YES;
				GCC_WARN_UNINITIALIZED_AUTOS = YES_AGGRESSIVE;
				GCC_WARN_UNUSED_FUNCTION = YES;
				GCC_WARN_UNUSED_VARIABLE = YES;
				HEADER_SEARCH_PATHS = (
					/opt/homebrew/include,
					/usr/local/opt/cglm/include,
				);
				LIBRARY_SEARCH_PATHS = /opt/homebrew/lib;
				LOCALIZATION_PREFERS_STRING_CATALOGS = YES;
				MACOSX_DEPLOYMENT_TARGET = 15.3;
				MTL_ENABLE_DEBUG_INFO = INCLUDE_SOURCE;
				MTL_FAST_MATH = YES;
				ONLY_ACTIVE_ARCH = YES;
				OTHER_LDFLAGS = "-lSDL2";
				SDKROOT = macosx;
			};
			name = Debug;
		};
		785D12AF2DB8DDF300567DFE /* Release */ = {
			isa = XCBuildConfiguration;
			buildSettings = {
				ALWAYS_SEARCH_USER_PATHS = NO;
				ASSETCATALOG_COMPILER_GENERATE_SWIFT_ASSET_SYMBOL_EXTENSIONS = YES;
				CLANG_ANALYZER_NONNULL = YES;
				CLANG_ANALYZER_NUMBER_OBJECT_CONVERSION = YES_AGGRESSIVE;
				CLANG_CXX_LANGUAGE_STANDARD = "gnu++20";
				CLANG_ENABLE_MODULES = YES;
				CLANG_ENABLE_OBJC_ARC = YES;
				CLANG_ENABLE_OBJC_WEAK = YES;
				CLANG_WARN_BLOCK_CAPTURE_AUTORELEASING = YES;
				CLANG_WARN_BOOL_CONVERSION = YES;
				CLANG_WARN_COMMA = YES;
				CLANG_WARN_CONSTANT_CONVERSION = YES;
				CLANG_WARN_DEPRECATED_OBJC_IMPLEMENTATIONS = YES;
				CLANG_WARN_DIRECT_OBJC_ISA_USAGE = YES_ERROR;
				CLANG_WARN_DOCUMENTATION_COMMENTS = YES;
				CLANG_WARN_EMPTY_BODY = YES;
				CLANG_WARN_ENUM_CONVERSION = YES;
				CLANG_WARN_INFINITE_RECURSION = YES;
				CLANG_WARN_INT_CONVERSION = YES;
				CLANG_WARN_NON_LITERAL_NULL_CONVERSION = YES;
				CLANG_WARN_OBJC_IMPLICIT_RETAIN_SELF = YES;
				CLANG_WARN_OBJC_LITERAL_CONVERSION = YES;
				CLANG_WARN_OBJC_ROOT_CLASS = YES_ERROR;
				CLANG_WARN_QUOTED_INCLUDE_IN_FRAMEWORK_HEADER = YES;
				CLANG_WARN_RANGE_LOOP_ANALYSIS = YES;
				CLANG_WARN_STRICT_PROTOTYPES = YES;
				CLANG_WARN_SUSPICIOUS_MOVE = YES;
				CLANG_WARN_UNGUARDED_AVAILABILITY = YES_AGGRESSIVE;
				CLANG_WARN_UNREACHABLE_CODE = YES;
				CLANG_WARN__DUPLICATE_METHOD_MATCH = YES;
				COPY_PHASE_STRIP = NO;
				DEBUG_INFORMATION_FORMAT = "dwarf-with-dsym";
				DEVELOPMENT_TEAM = BM2R8F5YHC;
				ENABLE_NS_ASSERTIONS = NO;
				ENABLE_STRICT_OBJC_MSGSEND = YES;
				ENABLE_USER_SCRIPT_SANDBOXING = YES;
				GCC_C_LANGUAGE_STANDARD = gnu17;
				GCC_NO_COMMON_BLOCKS = YES;
				GCC_PREPROCESSOR_DEFINITIONS = GL_SILENCE_DEPRECATION;
				GCC_WARN_64_TO_32_BIT_CONVERSION = YES;
				GCC_WARN_ABOUT_RETURN_TYPE = YES_ERROR;
				GCC_WARN_UNDECLARED_SELECTOR = YES;
				GCC_WARN_UNINITIALIZED_AUTOS = YES_AGGRESSIVE;
				GCC_WARN_UNUSED_FUNCTION = YES;
				GCC_WARN_UNUSED_VARIABLE = YES;
				HEADER_SEARCH_PATHS = (
					/opt/homebrew/include,
					/usr/local/opt/cglm/include,
				);
				LIBRARY_SEARCH_PATHS = /opt/homebrew/lib;
				LOCALIZATION_PREFERS_STRING_CATALOGS = YES;
				MACOSX_DEPLOYMENT_TARGET = 15.3;
				MTL_ENABLE_DEBUG_INFO = NO;
				MTL_FAST_MATH = YES;
				OTHER_LDFLAGS = "-lSDL2";
				SDKROOT = macosx;
			};
			name = Release;
		};
		785D12B12DB8DDF300567DFE /* Debug */ = {
			isa = XCBuildConfiguration;
			buildSettings = {
				CODE_SIGN_STYLE = Automatic;
				DEVELOPMENT_TEAM = BM2R8F5YHC;
				ENABLE_HARDENED_RUNTIME = YES;
				PRODUCT_NAME = "$(TARGET_NAME)";
			};
			name = Debug;
		};
		785D12B22DB8DDF300567DFE /* Release */ = {
			isa = XCBuildConfiguration;
			buildSettings = {
				CODE_SIGN_STYLE = Automatic;
				DEVELOPMENT_TEAM = BM2R8F5YHC;
				ENABLE_HARDENED_RUNTIME = YES;
				PRODUCT_NAME = "$(TARGET_NAME)";
			};
			name = Release;
		};
		78F688AE2F1793CB00FFD6E9 /* Debug */ = {
			isa = XCBuildConfiguration;
			buildSettings = {
				CODE_SIGN_STYLE = Automatic;
				DEVELOPMENT_TEAM = BM2R8F5YHC;
				DYLIB_COMPATIBILITY_VERSION = 1;
				DYLIB_CURRENT_VERSION = 1;
				EXECUTABLE_PREFIX = lib;
				GCC_PREPROCESSOR_DEFINITIONS = (
					"DEBUG=1",
					"$(inherited)",
				);
				MACOSX_DEPLOYMENT_TARGET = 26.1;
				PRODUCT_NAME = "$(TARGET_NAME)";
				SKIP_INSTALL = YES;
			};
			name = Debug;
		};
		78F688AF2F1793CB00FFD6E9 /* Release */ = {
			isa = XCBuildConfiguration;
			buildSettings = {
				CODE_SIGN_STYLE = Automatic;
				DEVELOPMENT_TEAM = BM2R8F5YHC;
				DYLIB_COMPATIBILITY_VERSION = 1;
				DYLIB_CURRENT_VERSION = 1;
				EXECUTABLE_PREFIX = lib;
				MACOSX_DEPLOYMENT_TARGET = 26.1;
				PRODUCT_NAME = "$(TARGET_NAME)";
				SKIP_INSTALL = YES;
			};
			name = Release;
		};
/* End XCBuildConfiguration section */

/* Begin XCConfigurationList section */
		7815CD472DCE0CA6000617A1 /* Build configuration list for PBXNativeTarget "doom" */ = {
			isa = XCConfigurationList;
			buildConfigurations = (
				7815CD482DCE0CA6000617A1 /* Debug */,
				7815CD492DCE0CA6000617A1 /* Release */,
			);
			defaultConfigurationIsVisible = 0;
			defaultConfigurationName = Release;
		};
		7815CD632DCE0DC7000617A1 /* Build configuration list for PBXNativeTarget "hexen" */ = {
			isa = XCConfigurationList;
			buildConfigurations = (
				7815CD642DCE0DC7000617A1 /* Debug */,
				7815CD652DCE0DC7000617A1 /* Release */,
			);
			defaultConfigurationIsVisible = 0;
			defaultConfigurationName = Release;
		};
		785D12A42DB8DDF300567DFE /* Build configuration list for PBXProject "mapview" */ = {
			isa = XCConfigurationList;
			buildConfigurations = (
				785D12AE2DB8DDF300567DFE /* Debug */,
				785D12AF2DB8DDF300567DFE /* Release */,
			);
			defaultConfigurationIsVisible = 0;
			defaultConfigurationName = Release;
		};
		785D12B02DB8DDF300567DFE /* Build configuration list for PBXNativeTarget "mapview" */ = {
			isa = XCConfigurationList;
			buildConfigurations = (
				785D12B12DB8DDF300567DFE /* Debug */,
				785D12B22DB8DDF300567DFE /* Release */,
			);
			defaultConfigurationIsVisible = 0;
			defaultConfigurationName = Release;
		};
		78F688AD2F1793CB00FFD6E9 /* Build configuration list for PBXNativeTarget "desktop" */ = {
			isa = XCConfigurationList;
			buildConfigurations = (
				78F688AE2F1793CB00FFD6E9 /* Debug */,
				78F688AF2F1793CB00FFD6E9 /* Release */,
			);
			defaultConfigurationIsVisible = 0;
			defaultConfigurationName = Release;
		};
/* End XCConfigurationList section */
	};
	rootObject = 785D12A12DB8DDF300567DFE /* Project object */;
}
